// !$*UTF8*$!
{
	archiveVersion = 1;
	classes = {
	};
	objectVersion = 46;
	objects = {

/* Begin PBXBuildFile section */
		58DEA82B1BD6EB8E0020456B /* AppDelegate.swift in Sources */ = {isa = PBXBuildFile; fileRef = 58DEA82A1BD6EB8E0020456B /* AppDelegate.swift */; };
		58DEA82D1BD6EB8E0020456B /* ViewController.swift in Sources */ = {isa = PBXBuildFile; fileRef = 58DEA82C1BD6EB8E0020456B /* ViewController.swift */; };
		58DEA8301BD6EB8E0020456B /* Main.storyboard in Resources */ = {isa = PBXBuildFile; fileRef = 58DEA82E1BD6EB8E0020456B /* Main.storyboard */; };
		58DEA8321BD6EB8E0020456B /* Assets.xcassets in Resources */ = {isa = PBXBuildFile; fileRef = 58DEA8311BD6EB8E0020456B /* Assets.xcassets */; };
		58DEA8351BD6EB8E0020456B /* LaunchScreen.storyboard in Resources */ = {isa = PBXBuildFile; fileRef = 58DEA8331BD6EB8E0020456B /* LaunchScreen.storyboard */; };
/* End PBXBuildFile section */

/* Begin PBXFileReference section */
		58DEA8271BD6EB8E0020456B /* myGuessGame.app */ = {isa = PBXFileReference; explicitFileType = wrapper.application; includeInIndex = 0; path = myGuessGame.app; sourceTree = BUILT_PRODUCTS_DIR; };
		58DEA82A1BD6EB8E0020456B /* AppDelegate.swift */ = {isa = PBXFileReference; lastKnownFileType = sourcecode.swift; path = AppDelegate.swift; sourceTree = "<group>"; };
		58DEA82C1BD6EB8E0020456B /* ViewController.swift */ = {isa = PBXFileReference; lastKnownFileType = sourcecode.swift; path = ViewController.swift; sourceTree = "<group>"; };
		58DEA82F1BD6EB8E0020456B /* Base */ = {isa = PBXFileReference; lastKnownFileType = file.storyboard; name = Base; path = Base.lproj/Main.storyboard; sourceTree = "<group>"; };
		58DEA8311BD6EB8E0020456B /* Assets.xcassets */ = {isa = PBXFileReference; lastKnownFileType = folder.assetcatalog; path = Assets.xcassets; sourceTree = "<group>"; };
		58DEA8341BD6EB8E0020456B /* Base */ = {isa = PBXFileReference; lastKnownFileType = file.storyboard; name = Base; path = Base.lproj/LaunchScreen.storyboard; sourceTree = "<group>"; };
		58DEA8361BD6EB8E0020456B /* Info.plist */ = {isa = PBXFileReference; lastKnownFileType = text.plist.xml; path = Info.plist; sourceTree = "<group>"; };
/* End PBXFileReference section */

/* Begin PBXFrameworksBuildPhase section */
		58DEA8241BD6EB8E0020456B /* Frameworks */ = {
			isa = PBXFrameworksBuildPhase;
			buildActionMask = 2147483647;
			files = (
			);
			runOnlyForDeploymentPostprocessing = 0;
		};
/* End PBXFrameworksBuildPhase section */

/* Begin PBXGroup section */
		58DEA81E1BD6EB8E0020456B = {
			isa = PBXGroup;
			children = (
				58DEA8291BD6EB8E0020456B /* myGuessGame */,
				58DEA8281BD6EB8E0020456B /* Products */,
			);
			sourceTree = "<group>";
		};
		58DEA8281BD6EB8E0020456B /* Products */ = {
			isa = PBXGroup;
			children = (
				58DEA8271BD6EB8E0020456B /* myGuessGame.app */,
			);
			name = Products;
			sourceTree = "<group>";
		};
		58DEA8291BD6EB8E0020456B /* myGuessGame */ = {
			isa = PBXGroup;
			children = (
				58DEA82A1BD6EB8E0020456B /* AppDelegate.swift */,
				58DEA82C1BD6EB8E0020456B /* ViewController.swift */,
				58DEA82E1BD6EB8E0020456B /* Main.storyboard */,
				58DEA8311BD6EB8E0020456B /* Assets.xcassets */,
				58DEA8331BD6EB8E0020456B /* LaunchScreen.storyboard */,
				58DEA8361BD6EB8E0020456B /* Info.plist */,
			);
			path = myGuessGame;
			sourceTree = "<group>";
		};
/* End PBXGroup section */

/* Begin PBXNativeTarget section */
		58DEA8261BD6EB8E0020456B /* myGuessGame */ = {
			isa = PBXNativeTarget;
			buildConfigurationList = 58DEA8391BD6EB8E0020456B /* Build configuration list for PBXNativeTarget "myGuessGame" */;
			buildPhases = (
				58DEA8231BD6EB8E0020456B /* Sources */,
				58DEA8241BD6EB8E0020456B /* Frameworks */,
				58DEA8251BD6EB8E0020456B /* Resources */,
			);
			buildRules = (
			);
			dependencies = (
			);
			name = myGuessGame;
			productName = myGuessGame;
			productReference = 58DEA8271BD6EB8E0020456B /* myGuessGame.app */;
			productType = "com.apple.product-type.application";
		};
/* End PBXNativeTarget section */

/* Begin PBXProject section */
		58DEA81F1BD6EB8E0020456B /* Project object */ = {
			isa = PBXProject;
			attributes = {
				LastUpgradeCheck = 0700;
				ORGANIZATIONNAME = "The Code Lady";
				TargetAttributes = {
					58DEA8261BD6EB8E0020456B = {
						CreatedOnToolsVersion = 7.0.1;
					};
				};
			};
			buildConfigurationList = 58DEA8221BD6EB8E0020456B /* Build configuration list for PBXProject "myGuessGame" */;
			compatibilityVersion = "Xcode 3.2";
			developmentRegion = English;
			hasScannedForEncodings = 0;
			knownRegions = (
				en,
				Base,
			);
			mainGroup = 58DEA81E1BD6EB8E0020456B;
			productRefGroup = 58DEA8281BD6EB8E0020456B /* Products */;
			projectDirPath = "";
			projectRoot = "";
			targets = (
				58DEA8261BD6EB8E0020456B /* myGuessGame */,
			);
		};
/* End PBXProject section */

/* Begin PBXResourcesBuildPhase section */
		58DEA8251BD6EB8E0020456B /* Resources */ = {
			isa = PBXResourcesBuildPhase;
			buildActionMask = 2147483647;
			files = (
				58DEA8351BD6EB8E0020456B /* LaunchScreen.storyboard in Resources */,
				58DEA8321BD6EB8E0020456B /* Assets.xcassets in Resources */,
				58DEA8301BD6EB8E0020456B /* Main.storyboard in Resources */,
			);
			runOnlyForDeploymentPostprocessing = 0;
		};
/* End PBXResourcesBuildPhase section */

/* Begin PBXSourcesBuildPhase section */
		58DEA8231BD6EB8E0020456B /* Sources */ = {
			isa = PBXSourcesBuildPhase;
			buildActionMask = 2147483647;
			files = (
				58DEA82D1BD6EB8E0020456B /* ViewController.swift in Sources */,
				58DEA82B1BD6EB8E0020456B /* AppDelegate.swift in Sources */,
			);
			runOnlyForDeploymentPostprocessing = 0;
		};
/* End PBXSourcesBuildPhase section */

/* Begin PBXVariantGroup section */
		58DEA82E1BD6EB8E0020456B /* Main.storyboard */ = {
			isa = PBXVariantGroup;
			children = (
				58DEA82F1BD6EB8E0020456B /* Base */,
			);
			name = Main.storyboard;
			sourceTree = "<group>";
		};
		58DEA8331BD6EB8E0020456B /* LaunchScreen.storyboard */ = {
			isa = PBXVariantGroup;
			children = (
				58DEA8341BD6EB8E0020456B /* Base */,
			);
			name = LaunchScreen.storyboard;
			sourceTree = "<group>";
		};
/* End PBXVariantGroup section */

/* Begin XCBuildConfiguration section */
		58DEA8371BD6EB8E0020456B /* Debug */ = {
			isa = XCBuildConfiguration;
			buildSettings = {
				ALWAYS_SEARCH_USER_PATHS = NO;
				CLANG_CXX_LANGUAGE_STANDARD = "gnu++0x";
				CLANG_CXX_LIBRARY = "libc++";
				CLANG_ENABLE_MODULES = YES;
				CLANG_ENABLE_OBJC_ARC = YES;
				CLANG_WARN_BOOL_CONVERSION = YES;
				CLANG_WARN_CONSTANT_CONVERSION = YES;
				CLANG_WARN_DIRECT_OBJC_ISA_USAGE = YES_ERROR;
				CLANG_WARN_EMPTY_BODY = YES;
				CLANG_WARN_ENUM_CONVERSION = YES;
				CLANG_WARN_INT_CONVERSION = YES;
				CLANG_WARN_OBJC_ROOT_CLASS = YES_ERROR;
				CLANG_WARN_UNREACHABLE_CODE = YES;
				CLANG_WARN__DUPLICATE_METHOD_MATCH = YES;
				"CODE_SIGN_IDENTITY[sdk=iphoneos*]" = "iPhone Developer";
				COPY_PHASE_STRIP = NO;
				DEBUG_INFORMATION_FORMAT = dwarf;
				ENABLE_STRICT_OBJC_MSGSEND = YES;
				ENABLE_TESTABILITY = YES;
				GCC_C_LANGUAGE_STANDARD = gnu99;
				GCC_DYNAMIC_NO_PIC = NO;
				GCC_NO_COMMON_BLOCKS = YES;
				GCC_OPTIMIZATION_LEVEL = 0;
				GCC_PREPROCESSOR_DEFINITIONS = (
					"DEBUG=1",
					"$(inherited)",
				);
				GCC_WARN_64_TO_32_BIT_CONVERSION = YES;
				GCC_WARN_ABOUT_RETURN_TYPE = YES_ERROR;
				GCC_WARN_UNDECLARED_SELECTOR = YES;
				GCC_WARN_UNINITIALIZED_AUTOS = YES_AGGRESSIVE;
				GCC_WARN_UNUSED_FUNCTION = YES;
				GCC_WARN_UNUSED_VARIABLE = YES;
				IPHONEOS_DEPLOYMENT_TARGET = 9.0;
				MTL_ENABLE_DEBUG_INFO = YES;
				ONLY_ACTIVE_ARCH = YES;
				SDKROOT = iphoneos;
				SWIFT_OPTIMIZATION_LEVEL = "-Onone";
			};
			name = Debug;
		};
		58DEA8381BD6EB8E0020456B /* Release */ = {
			isa = XCBuildConfiguration;
			buildSettings = {
				ALWAYS_SEARCH_USER_PATHS = NO;
				CLANG_CXX_LANGUAGE_STANDARD = "gnu++0x";
				CLANG_CXX_LIBRARY = "libc++";
				CLANG_ENABLE_MODULES = YES;
				CLANG_ENABLE_OBJC_ARC = YES;
				CLANG_WARN_BOOL_CONVERSION = YES;
				CLANG_WARN_CONSTANT_CONVERSION = YES;
				CLANG_WARN_DIRECT_OBJC_ISA_USAGE = YES_ERROR;
				CLANG_WARN_EMPTY_BODY = YES;
				CLANG_WARN_ENUM_CONVERSION = YES;
				CLANG_WARN_INT_CONVERSION = YES;
				CLANG_WARN_OBJC_ROOT_CLASS = YES_ERROR;
				CLANG_WARN_UNREACHABLE_CODE = YES;
				CLANG_WARN__DUPLICATE_METHOD_MATCH = YES;
				"CODE_SIGN_IDENTITY[sdk=iphoneos*]" = "iPhone Developer";
				COPY_PHASE_STRIP = NO;
				DEBUG_INFORMATION_FORMAT = "dwarf-with-dsym";
				ENABLE_NS_ASSERTIONS = NO;
				ENABLE_STRICT_OBJC_MSGSEND = YES;
				GCC_C_LANGUAGE_STANDARD = gnu99;
				GCC_NO_COMMON_BLOCKS = YES;
				GCC_WARN_64_TO_32_BIT_CONVERSION = YES;
				GCC_WARN_ABOUT_RETURN_TYPE = YES_ERROR;
				GCC_WARN_UNDECLARED_SELECTOR = YES;
				GCC_WARN_UNINITIALIZED_AUTOS = YES_AGGRESSIVE;
				GCC_WARN_UNUSED_FUNCTION = YES;
				GCC_WARN_UNUSED_VARIABLE = YES;
				IPHONEOS_DEPLOYMENT_TARGET = 9.0;
				MTL_ENABLE_DEBUG_INFO = NO;
				SDKROOT = iphoneos;
				VALIDATE_PRODUCT = YES;
			};
			name = Release;
		};
		58DEA83A1BD6EB8E0020456B /* Debug */ = {
			isa = XCBuildConfiguration;
			buildSettings = {
				ASSETCATALOG_COMPILER_APPICON_NAME = AppIcon;
				INFOPLIST_FILE = myGuessGame/Info.plist;
				LD_RUNPATH_SEARCH_PATHS = "$(inherited) @executable_path/Frameworks";
				PRODUCT_BUNDLE_IDENTIFIER = com.thecodelady.myGuessGame;
				PRODUCT_NAME = "$(TARGET_NAME)";
			};
			name = Debug;
		};
		58DEA83B1BD6EB8E0020456B /* Release */ = {
			isa = XCBuildConfiguration;
			buildSettings = {
				ASSETCATALOG_COMPILER_APPICON_NAME = AppIcon;
				INFOPLIST_FILE = myGuessGame/Info.plist;
				LD_RUNPATH_SEARCH_PATHS = "$(inherited) @executable_path/Frameworks";
				PRODUCT_BUNDLE_IDENTIFIER = com.thecodelady.myGuessGame;
				PRODUCT_NAME = "$(TARGET_NAME)";
			};
			name = Release;
		};
/* End XCBuildConfiguration section */

/* Begin XCConfigurationList section */
		58DEA8221BD6EB8E0020456B /* Build configuration list for PBXProject "myGuessGame" */ = {
			isa = XCConfigurationList;
			buildConfigurations = (
				58DEA8371BD6EB8E0020456B /* Debug */,
				58DEA8381BD6EB8E0020456B /* Release */,
			);
			defaultConfigurationIsVisible = 0;
			defaultConfigurationName = Release;
		};
		58DEA8391BD6EB8E0020456B /* Build configuration list for PBXNativeTarget "myGuessGame" */ = {
			isa = XCConfigurationList;
			buildConfigurations = (
				58DEA83A1BD6EB8E0020456B /* Debug */,
				58DEA83B1BD6EB8E0020456B /* Release */,
			);
			defaultConfigurationIsVisible = 0;
		};
/* End XCConfigurationList section */
	};
	rootObject = 58DEA81F1BD6EB8E0020456B /* Project object */;
}
